
Microsoft Visual Studio Solution File, Format Version 12.00
# Visual Studio Version 17
VisualStudioVersion = 17.14.37216.2
MinimumVisualStudioVersion = 10.0.40219.1
Project("{2150E333-8FDC-42A3-9474-1A3956D46DE8}") = "backend", "backend", "{02EA681E-C7D8-13C7-8484-4AC65E1B71E8}"
EndProject
Project("{FAE04EC0-301F-11D3-BF4B-00C04F79EFBC}") = "DailyReport.Api", "backend\DailyReport.Api\DailyReport.Api.csproj", "{75E42C5E-DBC8-465C-8380-8C1B5B5F3759}"
EndProject
Global
	GlobalSection(SolutionConfigurationPlatforms) = preSolution
		Debug|Any CPU = Debug|Any CPU
		Release|Any CPU = Release|Any CPU
	EndGlobalSection
	GlobalSection(ProjectConfigurationPlatforms) = postSolution
		{75E42C5E-DBC8-465C-8380-8C1B5B5F3759}.Debug|Any CPU.ActiveCfg = Debug|Any CPU
		{75E42C5E-DBC8-465C-8380-8C1B5B5F3759}.Debug|Any CPU.Build.0 = Debug|Any CPU
		{75E42C5E-DBC8-465C-8380-8C1B5B5F3759}.Release|Any CPU.ActiveCfg = Release|Any CPU
		{75E42C5E-DBC8-465C-8380-8C1B5B5F3759}.Release|Any CPU.Build.0 = Release|Any CPU
	EndGlobalSection
	GlobalSection(SolutionProperties) = preSolution
		HideSolutionNode = FALSE
	EndGlobalSection
	GlobalSection(NestedProjects) = preSolution
		{75E42C5E-DBC8-465C-8380-8C1B5B5F3759} = {02EA681E-C7D8-13C7-8484-4AC65E1B71E8}
	EndGlobalSection
	GlobalSection(ExtensibilityGlobals) = postSolution
		SolutionGuid = {E4BD13CE-47A3-45B1-BED3-192726075E70}
	EndGlobalSection
EndGlobal
